
Microsoft Visual Studio Solution File, Format Version 12.00
# Visual Studio Version 17
VisualStudioVersion = 17.11.35312.102
MinimumVisualStudioVersion = 10.0.40219.1
Project("{FAE04EC0-301F-11D3-BF4B-00C04F79EFBC}") = "Arac_kullanimlari_son", "Arac_kullanimlari_son\Arac_kullanimlari_son.csproj", "{3C40C68A-EA1E-41CA-A0A2-A83B88D21395}"
EndProject
Global
	GlobalSection(SolutionConfigurationPlatforms) = preSolution
		Debug|Any CPU = Debug|Any CPU
		Release|Any CPU = Release|Any CPU
	EndGlobalSection
	GlobalSection(ProjectConfigurationPlatforms) = postSolution
		{3C40C68A-EA1E-41CA-A0A2-A83B88D21395}.Debug|Any CPU.ActiveCfg = Debug|Any CPU
		{3C40C68A-EA1E-41CA-A0A2-A83B88D21395}.Debug|Any CPU.Build.0 = Debug|Any CPU
		{3C40C68A-EA1E-41CA-A0A2-A83B88D21395}.Release|Any CPU.ActiveCfg = Release|Any CPU
		{3C40C68A-EA1E-41CA-A0A2-A83B88D21395}.Release|Any CPU.Build.0 = Release|Any CPU
	EndGlobalSection
	GlobalSection(SolutionProperties) = preSolution
		HideSolutionNode = FALSE
	EndGlobalSection
	GlobalSection(ExtensibilityGlobals) = postSolution
		SolutionGuid = {AADA15E5-EBB3-42CB-97BD-D45E87B4068A}
	EndGlobalSection
EndGlobal
