
Microsoft Visual Studio Solution File, Format Version 12.00
# Visual Studio Version 17
VisualStudioVersion = 17.11.35312.102
MinimumVisualStudioVersion = 10.0.40219.1
Project("{FAE04EC0-301F-11D3-BF4B-00C04F79EFBC}") = "7.int_degiskenler_son", "7.int_degiskenler_son\7.int_degiskenler_son.csproj", "{FF3E5305-91B9-4AE6-95D7-CAB686A66C0D}"
EndProject
Global
	GlobalSection(SolutionConfigurationPlatforms) = preSolution
		Debug|Any CPU = Debug|Any CPU
		Release|Any CPU = Release|Any CPU
	EndGlobalSection
	GlobalSection(ProjectConfigurationPlatforms) = postSolution
		{FF3E5305-91B9-4AE6-95D7-CAB686A66C0D}.Debug|Any CPU.ActiveCfg = Debug|Any CPU
		{FF3E5305-91B9-4AE6-95D7-CAB686A66C0D}.Debug|Any CPU.Build.0 = Debug|Any CPU
		{FF3E5305-91B9-4AE6-95D7-CAB686A66C0D}.Release|Any CPU.ActiveCfg = Release|Any CPU
		{FF3E5305-91B9-4AE6-95D7-CAB686A66C0D}.Release|Any CPU.Build.0 = Release|Any CPU
	EndGlobalSection
	GlobalSection(SolutionProperties) = preSolution
		HideSolutionNode = FALSE
	EndGlobalSection
	GlobalSection(ExtensibilityGlobals) = postSolution
		SolutionGuid = {4970FE63-9FB0-4426-A7C9-BFF7258428F8}
	EndGlobalSection
EndGlobal
