
Microsoft Visual Studio Solution File, Format Version 12.00
# Visual Studio Version 17
VisualStudioVersion = 17.11.35312.102
MinimumVisualStudioVersion = 10.0.40219.1
Project("{FAE04EC0-301F-11D3-BF4B-00C04F79EFBC}") = "15.karar_yapilari_odev", "15.karar_yapilari_odev\15.karar_yapilari_odev.csproj", "{5C6DF95F-3705-48DE-90EA-63756041D579}"
EndProject
Global
	GlobalSection(SolutionConfigurationPlatforms) = preSolution
		Debug|Any CPU = Debug|Any CPU
		Release|Any CPU = Release|Any CPU
	EndGlobalSection
	GlobalSection(ProjectConfigurationPlatforms) = postSolution
		{5C6DF95F-3705-48DE-90EA-63756041D579}.Debug|Any CPU.ActiveCfg = Debug|Any CPU
		{5C6DF95F-3705-48DE-90EA-63756041D579}.Debug|Any CPU.Build.0 = Debug|Any CPU
		{5C6DF95F-3705-48DE-90EA-63756041D579}.Release|Any CPU.ActiveCfg = Release|Any CPU
		{5C6DF95F-3705-48DE-90EA-63756041D579}.Release|Any CPU.Build.0 = Release|Any CPU
	EndGlobalSection
	GlobalSection(SolutionProperties) = preSolution
		HideSolutionNode = FALSE
	EndGlobalSection
	GlobalSection(ExtensibilityGlobals) = postSolution
		SolutionGuid = {A9D8F401-5A3B-4A18-B2AB-61E6D0B88E4D}
	EndGlobalSection
EndGlobal
