
Microsoft Visual Studio Solution File, Format Version 12.00
# Visual Studio Version 17
VisualStudioVersion = 17.11.35312.102
MinimumVisualStudioVersion = 10.0.40219.1
Project("{FAE04EC0-301F-11D3-BF4B-00C04F79EFBC}") = "9.char_degiskenler", "9.char_degiskenler\9.char_degiskenler.csproj", "{6F416EB5-8413-48D5-8876-CA4D35C6EF6B}"
EndProject
Global
	GlobalSection(SolutionConfigurationPlatforms) = preSolution
		Debug|Any CPU = Debug|Any CPU
		Release|Any CPU = Release|Any CPU
	EndGlobalSection
	GlobalSection(ProjectConfigurationPlatforms) = postSolution
		{6F416EB5-8413-48D5-8876-CA4D35C6EF6B}.Debug|Any CPU.ActiveCfg = Debug|Any CPU
		{6F416EB5-8413-48D5-8876-CA4D35C6EF6B}.Debug|Any CPU.Build.0 = Debug|Any CPU
		{6F416EB5-8413-48D5-8876-CA4D35C6EF6B}.Release|Any CPU.ActiveCfg = Release|Any CPU
		{6F416EB5-8413-48D5-8876-CA4D35C6EF6B}.Release|Any CPU.Build.0 = Release|Any CPU
	EndGlobalSection
	GlobalSection(SolutionProperties) = preSolution
		HideSolutionNode = FALSE
	EndGlobalSection
	GlobalSection(ExtensibilityGlobals) = postSolution
		SolutionGuid = {501FFEE5-71E4-42A2-B96E-093EA17EF9D3}
	EndGlobalSection
EndGlobal
