
Microsoft Visual Studio Solution File, Format Version 12.00
# Visual Studio Version 17
VisualStudioVersion = 17.11.35312.102
MinimumVisualStudioVersion = 10.0.40219.1
Project("{FAE04EC0-301F-11D3-BF4B-00C04F79EFBC}") = "6.String.degiskenler", "6.String.degiskenler\6.String.degiskenler.csproj", "{60FBC9CD-DB2B-474B-B590-CCE038667186}"
EndProject
Global
	GlobalSection(SolutionConfigurationPlatforms) = preSolution
		Debug|Any CPU = Debug|Any CPU
		Release|Any CPU = Release|Any CPU
	EndGlobalSection
	GlobalSection(ProjectConfigurationPlatforms) = postSolution
		{60FBC9CD-DB2B-474B-B590-CCE038667186}.Debug|Any CPU.ActiveCfg = Debug|Any CPU
		{60FBC9CD-DB2B-474B-B590-CCE038667186}.Debug|Any CPU.Build.0 = Debug|Any CPU
		{60FBC9CD-DB2B-474B-B590-CCE038667186}.Release|Any CPU.ActiveCfg = Release|Any CPU
		{60FBC9CD-DB2B-474B-B590-CCE038667186}.Release|Any CPU.Build.0 = Release|Any CPU
	EndGlobalSection
	GlobalSection(SolutionProperties) = preSolution
		HideSolutionNode = FALSE
	EndGlobalSection
	GlobalSection(ExtensibilityGlobals) = postSolution
		SolutionGuid = {D19A6D76-4647-452B-B480-BE0DA9F94280}
	EndGlobalSection
EndGlobal
