
Microsoft Visual Studio Solution File, Format Version 12.00
# Visual Studio Version 17
VisualStudioVersion = 17.11.35312.102
MinimumVisualStudioVersion = 10.0.40219.1
Project("{FAE04EC0-301F-11D3-BF4B-00C04F79EFBC}") = "17.time_odev", "17.time_odev\17.time_odev.csproj", "{5D047B35-75F3-47A3-A43B-59D2EAD286A2}"
EndProject
Global
	GlobalSection(SolutionConfigurationPlatforms) = preSolution
		Debug|Any CPU = Debug|Any CPU
		Release|Any CPU = Release|Any CPU
	EndGlobalSection
	GlobalSection(ProjectConfigurationPlatforms) = postSolution
		{5D047B35-75F3-47A3-A43B-59D2EAD286A2}.Debug|Any CPU.ActiveCfg = Debug|Any CPU
		{5D047B35-75F3-47A3-A43B-59D2EAD286A2}.Debug|Any CPU.Build.0 = Debug|Any CPU
		{5D047B35-75F3-47A3-A43B-59D2EAD286A2}.Release|Any CPU.ActiveCfg = Release|Any CPU
		{5D047B35-75F3-47A3-A43B-59D2EAD286A2}.Release|Any CPU.Build.0 = Release|Any CPU
	EndGlobalSection
	GlobalSection(SolutionProperties) = preSolution
		HideSolutionNode = FALSE
	EndGlobalSection
	GlobalSection(ExtensibilityGlobals) = postSolution
		SolutionGuid = {EBC632A9-7D8A-463D-8FD5-1558C53A1D48}
	EndGlobalSection
EndGlobal
