
Microsoft Visual Studio Solution File, Format Version 12.00
# Visual Studio Version 17
VisualStudioVersion = 17.11.35312.102
MinimumVisualStudioVersion = 10.0.40219.1
Project("{FAE04EC0-301F-11D3-BF4B-00C04F79EFBC}") = "11.if_else", "11.if_else\11.if_else.csproj", "{D5A4F75F-F812-48BC-ACF2-00BE45823AED}"
EndProject
Global
	GlobalSection(SolutionConfigurationPlatforms) = preSolution
		Debug|Any CPU = Debug|Any CPU
		Release|Any CPU = Release|Any CPU
	EndGlobalSection
	GlobalSection(ProjectConfigurationPlatforms) = postSolution
		{D5A4F75F-F812-48BC-ACF2-00BE45823AED}.Debug|Any CPU.ActiveCfg = Debug|Any CPU
		{D5A4F75F-F812-48BC-ACF2-00BE45823AED}.Debug|Any CPU.Build.0 = Debug|Any CPU
		{D5A4F75F-F812-48BC-ACF2-00BE45823AED}.Release|Any CPU.ActiveCfg = Release|Any CPU
		{D5A4F75F-F812-48BC-ACF2-00BE45823AED}.Release|Any CPU.Build.0 = Release|Any CPU
	EndGlobalSection
	GlobalSection(SolutionProperties) = preSolution
		HideSolutionNode = FALSE
	EndGlobalSection
	GlobalSection(ExtensibilityGlobals) = postSolution
		SolutionGuid = {521A4EAA-E018-4DF4-99AB-FF0E724FC2AA}
	EndGlobalSection
EndGlobal
