
Microsoft Visual Studio Solution File, Format Version 12.00
# Visual Studio Version 17
VisualStudioVersion = 17.11.35312.102
MinimumVisualStudioVersion = 10.0.40219.1
Project("{FAE04EC0-301F-11D3-BF4B-00C04F79EFBC}") = "14.for_dongusu", "14.for_dongusu\14.for_dongusu.csproj", "{A6FE402E-CBA3-4B09-AABC-FFC06F8ECA25}"
EndProject
Global
	GlobalSection(SolutionConfigurationPlatforms) = preSolution
		Debug|Any CPU = Debug|Any CPU
		Release|Any CPU = Release|Any CPU
	EndGlobalSection
	GlobalSection(ProjectConfigurationPlatforms) = postSolution
		{A6FE402E-CBA3-4B09-AABC-FFC06F8ECA25}.Debug|Any CPU.ActiveCfg = Debug|Any CPU
		{A6FE402E-CBA3-4B09-AABC-FFC06F8ECA25}.Debug|Any CPU.Build.0 = Debug|Any CPU
		{A6FE402E-CBA3-4B09-AABC-FFC06F8ECA25}.Release|Any CPU.ActiveCfg = Release|Any CPU
		{A6FE402E-CBA3-4B09-AABC-FFC06F8ECA25}.Release|Any CPU.Build.0 = Release|Any CPU
	EndGlobalSection
	GlobalSection(SolutionProperties) = preSolution
		HideSolutionNode = FALSE
	EndGlobalSection
	GlobalSection(ExtensibilityGlobals) = postSolution
		SolutionGuid = {80C662A5-F6A8-4AD8-B411-E79E4EFFB419}
	EndGlobalSection
EndGlobal
