
Microsoft Visual Studio Solution File, Format Version 12.00
# Visual Studio Version 17
VisualStudioVersion = 17.11.35312.102
MinimumVisualStudioVersion = 10.0.40219.1
Project("{FAE04EC0-301F-11D3-BF4B-00C04F79EFBC}") = "18.progressbar_timer_proje", "18.progressbar_timer_proje\18.progressbar_timer_proje.csproj", "{46FF874F-4E25-42EC-86D4-B0F505D82799}"
EndProject
Global
	GlobalSection(SolutionConfigurationPlatforms) = preSolution
		Debug|Any CPU = Debug|Any CPU
		Release|Any CPU = Release|Any CPU
	EndGlobalSection
	GlobalSection(ProjectConfigurationPlatforms) = postSolution
		{46FF874F-4E25-42EC-86D4-B0F505D82799}.Debug|Any CPU.ActiveCfg = Debug|Any CPU
		{46FF874F-4E25-42EC-86D4-B0F505D82799}.Debug|Any CPU.Build.0 = Debug|Any CPU
		{46FF874F-4E25-42EC-86D4-B0F505D82799}.Release|Any CPU.ActiveCfg = Release|Any CPU
		{46FF874F-4E25-42EC-86D4-B0F505D82799}.Release|Any CPU.Build.0 = Release|Any CPU
	EndGlobalSection
	GlobalSection(SolutionProperties) = preSolution
		HideSolutionNode = FALSE
	EndGlobalSection
	GlobalSection(ExtensibilityGlobals) = postSolution
		SolutionGuid = {73CA3FC0-C0B4-4ADA-9681-EE9A4889A040}
	EndGlobalSection
EndGlobal
